// !$*UTF8*$!
{
	archiveVersion = 1;
	classes = {
	};
	objectVersion = 56;
	objects = {

/* Begin PBXBuildFile section */
		BF15F00A2BD1D758001E0DA2 /* ProductsListView.swift in Sources */ = {isa = PBXBuildFile; fileRef = BF15F0092BD1D758001E0DA2 /* ProductsListView.swift */; };
		BF15F00C2BD1D7A0001E0DA2 /* ProductDetailView.swift in Sources */ = {isa = PBXBuildFile; fileRef = BF15F00B2BD1D7A0001E0DA2 /* ProductDetailView.swift */; };
		BF15F00F2BD1DDCE001E0DA2 /* Product.swift in Sources */ = {isa = PBXBuildFile; fileRef = BF15F00E2BD1DDCE001E0DA2 /* Product.swift */; };
		BF15F0122BD1DF5C001E0DA2 /* APIService.swift in Sources */ = {isa = PBXBuildFile; fileRef = BF15F0112BD1DF5C001E0DA2 /* APIService.swift */; };
		BF15F0152BD2C9CF001E0DA2 /* ProductListCellView.swift in Sources */ = {isa = PBXBuildFile; fileRef = BF15F0142BD2C9CF001E0DA2 /* ProductListCellView.swift */; };
		BFC8D3622BD707A2006640D8 /* MockURLProtocol.swift in Sources */ = {isa = PBXBuildFile; fileRef = BFC8D3612BD707A2006640D8 /* MockURLProtocol.swift */; };
		BFC8D3662BD71084006640D8 /* Installments.swift in Sources */ = {isa = PBXBuildFile; fileRef = BFC8D3652BD71084006640D8 /* Installments.swift */; };
		BFC8D3692BD726D8006640D8 /* ProductsListViewModel.swift in Sources */ = {isa = PBXBuildFile; fileRef = BFC8D3682BD726D8006640D8 /* ProductsListViewModel.swift */; };
		BFC8D3712BD736FE006640D8 /* products_one_item.json in Resources */ = {isa = PBXBuildFile; fileRef = BFC8D3702BD736FE006640D8 /* products_one_item.json */; };
		BFC8D3762BD80922006640D8 /* product_preview.json in Resources */ = {isa = PBXBuildFile; fileRef = BFC8D3752BD80922006640D8 /* product_preview.json */; };
		BFC8D3782BD812E5006640D8 /* products_preview.json in Resources */ = {isa = PBXBuildFile; fileRef = BFC8D3772BD812E5006640D8 /* products_preview.json */; };
		BFC8D37A2BD8153D006640D8 /* products_zero_items.json in Resources */ = {isa = PBXBuildFile; fileRef = BFC8D3792BD8153D006640D8 /* products_zero_items.json */; };
		BFC8D37C2BD815E8006640D8 /* Paging.swift in Sources */ = {isa = PBXBuildFile; fileRef = BFC8D37B2BD815E8006640D8 /* Paging.swift */; };
		BFC8D37E2BD81AEE006640D8 /* Sort.swift in Sources */ = {isa = PBXBuildFile; fileRef = BFC8D37D2BD81AEE006640D8 /* Sort.swift */; };
		BFC8D3802BD83F94006640D8 /* products_corrupted_data.json in Resources */ = {isa = PBXBuildFile; fileRef = BFC8D37F2BD83F94006640D8 /* products_corrupted_data.json */; };
		BFEC41DF2BD17F1D00D0FDAA /* MLStoreApp.swift in Sources */ = {isa = PBXBuildFile; fileRef = BFEC41DE2BD17F1D00D0FDAA /* MLStoreApp.swift */; };
		BFEC41E12BD17F1D00D0FDAA /* ProductSearchView.swift in Sources */ = {isa = PBXBuildFile; fileRef = BFEC41E02BD17F1D00D0FDAA /* ProductSearchView.swift */; };
		BFEC41E32BD17F1E00D0FDAA /* Assets.xcassets in Resources */ = {isa = PBXBuildFile; fileRef = BFEC41E22BD17F1E00D0FDAA /* Assets.xcassets */; };
		BFEC41E62BD17F1E00D0FDAA /* Preview Assets.xcassets in Resources */ = {isa = PBXBuildFile; fileRef = BFEC41E52BD17F1E00D0FDAA /* Preview Assets.xcassets */; };
/* End PBXBuildFile section */

/* Begin PBXFileReference section */
		BF15F0092BD1D758001E0DA2 /* ProductsListView.swift */ = {isa = PBXFileReference; lastKnownFileType = sourcecode.swift; path = ProductsListView.swift; sourceTree = "<group>"; };
		BF15F00B2BD1D7A0001E0DA2 /* ProductDetailView.swift */ = {isa = PBXFileReference; lastKnownFileType = sourcecode.swift; path = ProductDetailView.swift; sourceTree = "<group>"; };
		BF15F00E2BD1DDCE001E0DA2 /* Product.swift */ = {isa = PBXFileReference; lastKnownFileType = sourcecode.swift; path = Product.swift; sourceTree = "<group>"; };
		BF15F0112BD1DF5C001E0DA2 /* APIService.swift */ = {isa = PBXFileReference; lastKnownFileType = sourcecode.swift; path = APIService.swift; sourceTree = "<group>"; };
		BF15F0142BD2C9CF001E0DA2 /* ProductListCellView.swift */ = {isa = PBXFileReference; lastKnownFileType = sourcecode.swift; path = ProductListCellView.swift; sourceTree = "<group>"; };
		BFC8D3612BD707A2006640D8 /* MockURLProtocol.swift */ = {isa = PBXFileReference; lastKnownFileType = sourcecode.swift; name = MockURLProtocol.swift; path = MLStoreTests/MockURLProtocol.swift; sourceTree = SOURCE_ROOT; };
		BFC8D3652BD71084006640D8 /* Installments.swift */ = {isa = PBXFileReference; lastKnownFileType = sourcecode.swift; path = Installments.swift; sourceTree = "<group>"; };
		BFC8D3682BD726D8006640D8 /* ProductsListViewModel.swift */ = {isa = PBXFileReference; lastKnownFileType = sourcecode.swift; path = ProductsListViewModel.swift; sourceTree = "<group>"; };
		BFC8D3702BD736FE006640D8 /* products_one_item.json */ = {isa = PBXFileReference; fileEncoding = 4; lastKnownFileType = text.json; path = products_one_item.json; sourceTree = "<group>"; };
		BFC8D3752BD80922006640D8 /* product_preview.json */ = {isa = PBXFileReference; fileEncoding = 4; lastKnownFileType = text.json; path = product_preview.json; sourceTree = "<group>"; };
		BFC8D3772BD812E5006640D8 /* products_preview.json */ = {isa = PBXFileReference; fileEncoding = 4; lastKnownFileType = text.json; path = products_preview.json; sourceTree = "<group>"; };
		BFC8D3792BD8153D006640D8 /* products_zero_items.json */ = {isa = PBXFileReference; fileEncoding = 4; lastKnownFileType = text.json; path = products_zero_items.json; sourceTree = "<group>"; };
		BFC8D37B2BD815E8006640D8 /* Paging.swift */ = {isa = PBXFileReference; lastKnownFileType = sourcecode.swift; path = Paging.swift; sourceTree = "<group>"; };
		BFC8D37D2BD81AEE006640D8 /* Sort.swift */ = {isa = PBXFileReference; lastKnownFileType = sourcecode.swift; path = Sort.swift; sourceTree = "<group>"; };
		BFC8D37F2BD83F94006640D8 /* products_corrupted_data.json */ = {isa = PBXFileReference; fileEncoding = 4; lastKnownFileType = text.json; path = products_corrupted_data.json; sourceTree = "<group>"; };
		BFEC41DB2BD17F1D00D0FDAA /* MLStore.app */ = {isa = PBXFileReference; explicitFileType = wrapper.application; includeInIndex = 0; path = MLStore.app; sourceTree = BUILT_PRODUCTS_DIR; };
		BFEC41DE2BD17F1D00D0FDAA /* MLStoreApp.swift */ = {isa = PBXFileReference; lastKnownFileType = sourcecode.swift; path = MLStoreApp.swift; sourceTree = "<group>"; };
		BFEC41E02BD17F1D00D0FDAA /* ProductSearchView.swift */ = {isa = PBXFileReference; lastKnownFileType = sourcecode.swift; path = ProductSearchView.swift; sourceTree = "<group>"; };
		BFEC41E22BD17F1E00D0FDAA /* Assets.xcassets */ = {isa = PBXFileReference; lastKnownFileType = folder.assetcatalog; path = Assets.xcassets; sourceTree = "<group>"; };
		BFEC41E52BD17F1E00D0FDAA /* Preview Assets.xcassets */ = {isa = PBXFileReference; lastKnownFileType = folder.assetcatalog; path = "Preview Assets.xcassets"; sourceTree = "<group>"; };
/* End PBXFileReference section */

/* Begin PBXFrameworksBuildPhase section */
		BFEC41D82BD17F1D00D0FDAA /* Frameworks */ = {
			isa = PBXFrameworksBuildPhase;
			buildActionMask = 2147483647;
			files = (
			);
			runOnlyForDeploymentPostprocessing = 0;
		};
/* End PBXFrameworksBuildPhase section */

/* Begin PBXGroup section */
		BF15F00D2BD1DCBE001E0DA2 /* Model */ = {
			isa = PBXGroup;
			children = (
				BF15F00E2BD1DDCE001E0DA2 /* Product.swift */,
				BFC8D3652BD71084006640D8 /* Installments.swift */,
				BFC8D37B2BD815E8006640D8 /* Paging.swift */,
				BFC8D37D2BD81AEE006640D8 /* Sort.swift */,
			);
			path = Model;
			sourceTree = "<group>";
		};
		BF15F0102BD1DF43001E0DA2 /* Services */ = {
			isa = PBXGroup;
			children = (
				BF15F0112BD1DF5C001E0DA2 /* APIService.swift */,
			);
			path = Services;
			sourceTree = "<group>";
		};
		BFC8D3602BD70786006640D8 /* Services */ = {
			isa = PBXGroup;
			children = (
				BFC8D3612BD707A2006640D8 /* MockURLProtocol.swift */,
			);
			path = Services;
			sourceTree = "<group>";
		};
		BFC8D3672BD726AF006640D8 /* ViewModel */ = {
			isa = PBXGroup;
			children = (
				BFC8D3682BD726D8006640D8 /* ProductsListViewModel.swift */,
			);
			path = ViewModel;
			sourceTree = "<group>";
		};
		BFC8D36F2BD73668006640D8 /* Data */ = {
			isa = PBXGroup;
			children = (
				BFC8D37F2BD83F94006640D8 /* products_corrupted_data.json */,
				BFC8D3792BD8153D006640D8 /* products_zero_items.json */,
				BFC8D3702BD736FE006640D8 /* products_one_item.json */,
			);
			path = Data;
			sourceTree = "<group>";
		};
		BFC8D3722BD808BC006640D8 /* Data */ = {
			isa = PBXGroup;
			children = (
				BFC8D3752BD80922006640D8 /* product_preview.json */,
				BFC8D3772BD812E5006640D8 /* products_preview.json */,
			);
			path = Data;
			sourceTree = "<group>";
		};
		BFEC41D22BD17F1D00D0FDAA = {
			isa = PBXGroup;
			children = (
				BFEC41DD2BD17F1D00D0FDAA /* MLStore */,
				BFEC41DC2BD17F1D00D0FDAA /* Products */,
			);
			sourceTree = "<group>";
		};
		BFEC41DC2BD17F1D00D0FDAA /* Products */ = {
			isa = PBXGroup;
			children = (
				BFEC41DB2BD17F1D00D0FDAA /* MLStore.app */,
			);
			name = Products;
			sourceTree = "<group>";
		};
		BFEC41DD2BD17F1D00D0FDAA /* MLStore */ = {
			isa = PBXGroup;
			children = (
				BFEC41EC2BD1834300D0FDAA /* Views */,
				BFEC41DE2BD17F1D00D0FDAA /* MLStoreApp.swift */,
				BFEC41E22BD17F1E00D0FDAA /* Assets.xcassets */,
				BFC8D3502BD6CB84006640D8 /* CustomViews */,
				BFEC41E42BD17F1E00D0FDAA /* Preview Content */,
			);
			path = MLStore;
			sourceTree = "<group>";
		};
		BFEC41E42BD17F1E00D0FDAA /* Preview Content */ = {
			isa = PBXGroup;
			children = (
				BFC8D3722BD808BC006640D8 /* Data */,
				BFEC41E52BD17F1E00D0FDAA /* Preview Assets.xcassets */,
			);
			path = "Preview Content";
			sourceTree = "<group>";
		};
		BFEC41EC2BD1834300D0FDAA /* Views */ = {
			isa = PBXGroup;
			children = (
				BFEC41E02BD17F1D00D0FDAA /* ProductSearchView.swift */,
				BF15F0092BD1D758001E0DA2 /* ProductsListView.swift */,
				BF15F00B2BD1D7A0001E0DA2 /* ProductDetailView.swift */,
			);
			path = Views;
			sourceTree = "<group>";
		};
/* End PBXGroup section */

/* Begin PBXNativeTarget section */
		BFEC41DA2BD17F1D00D0FDAA /* MLStore */ = {
			isa = PBXNativeTarget;
			buildConfigurationList = BFEC41E92BD17F1E00D0FDAA /* Build configuration list for PBXNativeTarget "MLStore" */;
			buildPhases = (
				BFEC41D72BD17F1D00D0FDAA /* Sources */,
				BFEC41D82BD17F1D00D0FDAA /* Frameworks */,
				BFEC41D92BD17F1D00D0FDAA /* Resources */,
			);
			buildRules = (
			);
			dependencies = (
			);
			name = MLStore;
			productName = MLStore;
			productReference = BFEC41DB2BD17F1D00D0FDAA /* MLStore.app */;
			productType = "com.apple.product-type.application";
		};
/* End PBXNativeTarget section */

/* Begin PBXProject section */
		BFEC41D32BD17F1D00D0FDAA /* Project object */ = {
			isa = PBXProject;
			attributes = {
				BuildIndependentTargetsInParallel = 1;
				LastSwiftUpdateCheck = 1500;
				LastUpgradeCheck = 1500;
				TargetAttributes = {
					BFEC41DA2BD17F1D00D0FDAA = {
						CreatedOnToolsVersion = 15.0;
					};
				};
			};
			buildConfigurationList = BFEC41D62BD17F1D00D0FDAA /* Build configuration list for PBXProject "MLStore" */;
			compatibilityVersion = "Xcode 14.0";
			developmentRegion = en;
			hasScannedForEncodings = 0;
			knownRegions = (
				en,
				Base,
			);
			mainGroup = BFEC41D22BD17F1D00D0FDAA;
			productRefGroup = BFEC41DC2BD17F1D00D0FDAA /* Products */;
			projectDirPath = "";
			projectRoot = "";
			targets = (
				BFEC41DA2BD17F1D00D0FDAA /* MLStore */,
			);
		};
/* End PBXProject section */

/* Begin PBXResourcesBuildPhase section */
		BFC8D3552BD7077B006640D8 /* Resources */ = {
			isa = PBXResourcesBuildPhase;
			buildActionMask = 2147483647;
			files = (
				BFC8D37A2BD8153D006640D8 /* products_zero_items.json in Resources */,
				BFC8D3802BD83F94006640D8 /* products_corrupted_data.json in Resources */,
				BFC8D3712BD736FE006640D8 /* products_one_item.json in Resources */,
			);
			runOnlyForDeploymentPostprocessing = 0;
		};
		BFEC41D92BD17F1D00D0FDAA /* Resources */ = {
			isa = PBXResourcesBuildPhase;
			buildActionMask = 2147483647;
			files = (
				BFEC41E62BD17F1E00D0FDAA /* Preview Assets.xcassets in Resources */,
				BFC8D3762BD80922006640D8 /* product_preview.json in Resources */,
				BFC8D3782BD812E5006640D8 /* products_preview.json in Resources */,
				BFEC41E32BD17F1E00D0FDAA /* Assets.xcassets in Resources */,
			);
			runOnlyForDeploymentPostprocessing = 0;
		};
/* End PBXResourcesBuildPhase section */

/* Begin PBXSourcesBuildPhase section */
				BFC8D36B2BD72CFA006640D8 /* ProductsListViewModelTest.swift in Sources */,
		BFEC41D72BD17F1D00D0FDAA /* Sources */ = {
			isa = PBXSourcesBuildPhase;
			buildActionMask = 2147483647;
			files = (
				BFEC41E12BD17F1D00D0FDAA /* ProductSearchView.swift in Sources */,
				BF15F00C2BD1D7A0001E0DA2 /* ProductDetailView.swift in Sources */,
				BF15F00F2BD1DDCE001E0DA2 /* Product.swift in Sources */,
				BFC8D3662BD71084006640D8 /* Installments.swift in Sources */,
				BFEC41DF2BD17F1D00D0FDAA /* MLStoreApp.swift in Sources */,
				BFC8D3692BD726D8006640D8 /* ProductsListViewModel.swift in Sources */,
				BF15F00A2BD1D758001E0DA2 /* ProductsListView.swift in Sources */,
				BFC8D37C2BD815E8006640D8 /* Paging.swift in Sources */,
			);
			runOnlyForDeploymentPostprocessing = 0;
		};
/* End PBXSourcesBuildPhase section */

/* Begin XCBuildConfiguration section */
		BFEC41E72BD17F1E00D0FDAA /* Debug */ = {
			isa = XCBuildConfiguration;
			buildSettings = {
				ALWAYS_SEARCH_USER_PATHS = NO;
				ASSETCATALOG_COMPILER_GENERATE_SWIFT_ASSET_SYMBOL_EXTENSIONS = YES;
				CLANG_ANALYZER_NONNULL = YES;
				CLANG_ANALYZER_NUMBER_OBJECT_CONVERSION = YES_AGGRESSIVE;
				CLANG_CXX_LANGUAGE_STANDARD = "gnu++20";
				CLANG_ENABLE_MODULES = YES;
				CLANG_ENABLE_OBJC_ARC = YES;
				CLANG_ENABLE_OBJC_WEAK = YES;
				CLANG_WARN_BLOCK_CAPTURE_AUTORELEASING = YES;
				CLANG_WARN_BOOL_CONVERSION = YES;
				CLANG_WARN_COMMA = YES;
				CLANG_WARN_CONSTANT_CONVERSION = YES;
				CLANG_WARN_DEPRECATED_OBJC_IMPLEMENTATIONS = YES;
				CLANG_WARN_DIRECT_OBJC_ISA_USAGE = YES_ERROR;
				CLANG_WARN_DOCUMENTATION_COMMENTS = YES;
				CLANG_WARN_EMPTY_BODY = YES;
				CLANG_WARN_ENUM_CONVERSION = YES;
				CLANG_WARN_INFINITE_RECURSION = YES;
				CLANG_WARN_INT_CONVERSION = YES;
				CLANG_WARN_NON_LITERAL_NULL_CONVERSION = YES;
				CLANG_WARN_OBJC_IMPLICIT_RETAIN_SELF = YES;
				CLANG_WARN_OBJC_LITERAL_CONVERSION = YES;
				CLANG_WARN_OBJC_ROOT_CLASS = YES_ERROR;
				CLANG_WARN_QUOTED_INCLUDE_IN_FRAMEWORK_HEADER = YES;
				CLANG_WARN_RANGE_LOOP_ANALYSIS = YES;
				CLANG_WARN_STRICT_PROTOTYPES = YES;
				CLANG_WARN_SUSPICIOUS_MOVE = YES;
				CLANG_WARN_UNGUARDED_AVAILABILITY = YES_AGGRESSIVE;
				CLANG_WARN_UNREACHABLE_CODE = YES;
				CLANG_WARN__DUPLICATE_METHOD_MATCH = YES;
				COPY_PHASE_STRIP = NO;
				DEBUG_INFORMATION_FORMAT = dwarf;
				ENABLE_STRICT_OBJC_MSGSEND = YES;
				ENABLE_TESTABILITY = YES;
				ENABLE_USER_SCRIPT_SANDBOXING = YES;
				GCC_C_LANGUAGE_STANDARD = gnu17;
				GCC_DYNAMIC_NO_PIC = NO;
				GCC_NO_COMMON_BLOCKS = YES;
				GCC_OPTIMIZATION_LEVEL = 0;
				GCC_PREPROCESSOR_DEFINITIONS = (
					"DEBUG=1",
					"$(inherited)",
				);
				GCC_WARN_64_TO_32_BIT_CONVERSION = YES;
				GCC_WARN_ABOUT_RETURN_TYPE = YES_ERROR;
				GCC_WARN_UNDECLARED_SELECTOR = YES;
				GCC_WARN_UNINITIALIZED_AUTOS = YES_AGGRESSIVE;
				GCC_WARN_UNUSED_FUNCTION = YES;
				GCC_WARN_UNUSED_VARIABLE = YES;
				IPHONEOS_DEPLOYMENT_TARGET = 17.0;
				LOCALIZATION_PREFERS_STRING_CATALOGS = YES;
				MTL_ENABLE_DEBUG_INFO = INCLUDE_SOURCE;
				MTL_FAST_MATH = YES;
				ONLY_ACTIVE_ARCH = YES;
				SDKROOT = iphoneos;
				SWIFT_ACTIVE_COMPILATION_CONDITIONS = "DEBUG $(inherited)";
				SWIFT_OPTIMIZATION_LEVEL = "-Onone";
			};
			name = Debug;
		};
		BFEC41E82BD17F1E00D0FDAA /* Release */ = {
			isa = XCBuildConfiguration;
			buildSettings = {
				ALWAYS_SEARCH_USER_PATHS = NO;
				ASSETCATALOG_COMPILER_GENERATE_SWIFT_ASSET_SYMBOL_EXTENSIONS = YES;
				CLANG_ANALYZER_NONNULL = YES;
				CLANG_ANALYZER_NUMBER_OBJECT_CONVERSION = YES_AGGRESSIVE;
				CLANG_CXX_LANGUAGE_STANDARD = "gnu++20";
				CLANG_ENABLE_MODULES = YES;
				CLANG_ENABLE_OBJC_ARC = YES;
				CLANG_ENABLE_OBJC_WEAK = YES;
				CLANG_WARN_BLOCK_CAPTURE_AUTORELEASING = YES;
				CLANG_WARN_BOOL_CONVERSION = YES;
				CLANG_WARN_COMMA = YES;
				CLANG_WARN_CONSTANT_CONVERSION = YES;
				CLANG_WARN_DEPRECATED_OBJC_IMPLEMENTATIONS = YES;
				CLANG_WARN_DIRECT_OBJC_ISA_USAGE = YES_ERROR;
				CLANG_WARN_DOCUMENTATION_COMMENTS = YES;
				CLANG_WARN_EMPTY_BODY = YES;
				CLANG_WARN_ENUM_CONVERSION = YES;
				CLANG_WARN_INFINITE_RECURSION = YES;
				CLANG_WARN_INT_CONVERSION = YES;
				CLANG_WARN_NON_LITERAL_NULL_CONVERSION = YES;
				CLANG_WARN_OBJC_IMPLICIT_RETAIN_SELF = YES;
				CLANG_WARN_OBJC_LITERAL_CONVERSION = YES;
				CLANG_WARN_OBJC_ROOT_CLASS = YES_ERROR;
				CLANG_WARN_QUOTED_INCLUDE_IN_FRAMEWORK_HEADER = YES;
				CLANG_WARN_RANGE_LOOP_ANALYSIS = YES;
				CLANG_WARN_STRICT_PROTOTYPES = YES;
				CLANG_WARN_SUSPICIOUS_MOVE = YES;
				CLANG_WARN_UNGUARDED_AVAILABILITY = YES_AGGRESSIVE;
				CLANG_WARN_UNREACHABLE_CODE = YES;
				CLANG_WARN__DUPLICATE_METHOD_MATCH = YES;
				COPY_PHASE_STRIP = NO;
				DEBUG_INFORMATION_FORMAT = "dwarf-with-dsym";
				ENABLE_NS_ASSERTIONS = NO;
				ENABLE_STRICT_OBJC_MSGSEND = YES;
				ENABLE_USER_SCRIPT_SANDBOXING = YES;
				GCC_C_LANGUAGE_STANDARD = gnu17;
				GCC_NO_COMMON_BLOCKS = YES;
				GCC_WARN_64_TO_32_BIT_CONVERSION = YES;
				GCC_WARN_ABOUT_RETURN_TYPE = YES_ERROR;
				GCC_WARN_UNDECLARED_SELECTOR = YES;
				GCC_WARN_UNINITIALIZED_AUTOS = YES_AGGRESSIVE;
				GCC_WARN_UNUSED_FUNCTION = YES;
				GCC_WARN_UNUSED_VARIABLE = YES;
				IPHONEOS_DEPLOYMENT_TARGET = 17.0;
				LOCALIZATION_PREFERS_STRING_CATALOGS = YES;
				MTL_ENABLE_DEBUG_INFO = NO;
				MTL_FAST_MATH = YES;
				SDKROOT = iphoneos;
				SWIFT_COMPILATION_MODE = wholemodule;
				VALIDATE_PRODUCT = YES;
			};
			name = Release;
		};
		BFEC41EA2BD17F1E00D0FDAA /* Debug */ = {
			isa = XCBuildConfiguration;
			buildSettings = {
				ASSETCATALOG_COMPILER_APPICON_NAME = AppIcon;
				ASSETCATALOG_COMPILER_GLOBAL_ACCENT_COLOR_NAME = AccentColor;
				CODE_SIGN_STYLE = Automatic;
				CURRENT_PROJECT_VERSION = 1;
				DEVELOPMENT_ASSET_PATHS = "\"MLStore/Preview Content\"";
				DEVELOPMENT_TEAM = C72ELCW5WS;
				ENABLE_PREVIEWS = YES;
				GENERATE_INFOPLIST_FILE = YES;
				INFOPLIST_KEY_UIApplicationSceneManifest_Generation = YES;
				INFOPLIST_KEY_UIApplicationSupportsIndirectInputEvents = YES;
				INFOPLIST_KEY_UILaunchScreen_Generation = YES;
				INFOPLIST_KEY_UISupportedInterfaceOrientations_iPad = "UIInterfaceOrientationPortrait UIInterfaceOrientationPortraitUpsideDown UIInterfaceOrientationLandscapeLeft UIInterfaceOrientationLandscapeRight";
				INFOPLIST_KEY_UISupportedInterfaceOrientations_iPhone = "UIInterfaceOrientationPortrait UIInterfaceOrientationLandscapeLeft UIInterfaceOrientationLandscapeRight";
				LD_RUNPATH_SEARCH_PATHS = (
					"$(inherited)",
					"@executable_path/Frameworks",
				);
				MARKETING_VERSION = 1.0;
				PRODUCT_BUNDLE_IDENTIFIER = com.diegosepulveda.MLStore;
				PRODUCT_NAME = "$(TARGET_NAME)";
				SWIFT_EMIT_LOC_STRINGS = YES;
				SWIFT_VERSION = 5.0;
				TARGETED_DEVICE_FAMILY = "1,2";
			};
			name = Debug;
		};
		BFEC41EB2BD17F1E00D0FDAA /* Release */ = {
			isa = XCBuildConfiguration;
			buildSettings = {
				ASSETCATALOG_COMPILER_APPICON_NAME = AppIcon;
				ASSETCATALOG_COMPILER_GLOBAL_ACCENT_COLOR_NAME = AccentColor;
				CODE_SIGN_STYLE = Automatic;
				CURRENT_PROJECT_VERSION = 1;
				DEVELOPMENT_ASSET_PATHS = "\"MLStore/Preview Content\"";
				DEVELOPMENT_TEAM = C72ELCW5WS;
				ENABLE_PREVIEWS = YES;
				GENERATE_INFOPLIST_FILE = YES;
				INFOPLIST_KEY_UIApplicationSceneManifest_Generation = YES;
				INFOPLIST_KEY_UIApplicationSupportsIndirectInputEvents = YES;
				INFOPLIST_KEY_UILaunchScreen_Generation = YES;
				INFOPLIST_KEY_UISupportedInterfaceOrientations_iPad = "UIInterfaceOrientationPortrait UIInterfaceOrientationPortraitUpsideDown UIInterfaceOrientationLandscapeLeft UIInterfaceOrientationLandscapeRight";
				INFOPLIST_KEY_UISupportedInterfaceOrientations_iPhone = "UIInterfaceOrientationPortrait UIInterfaceOrientationLandscapeLeft UIInterfaceOrientationLandscapeRight";
				LD_RUNPATH_SEARCH_PATHS = (
					"$(inherited)",
					"@executable_path/Frameworks",
				);
				MARKETING_VERSION = 1.0;
				PRODUCT_BUNDLE_IDENTIFIER = com.diegosepulveda.MLStore;
				PRODUCT_NAME = "$(TARGET_NAME)";
				SWIFT_EMIT_LOC_STRINGS = YES;
				SWIFT_VERSION = 5.0;
				TARGETED_DEVICE_FAMILY = "1,2";
			};
			name = Release;
		};
/* End XCBuildConfiguration section */

/* Begin XCConfigurationList section */
		BFEC41D62BD17F1D00D0FDAA /* Build configuration list for PBXProject "MLStore" */ = {
			isa = XCConfigurationList;
			buildConfigurations = (
				BFEC41E72BD17F1E00D0FDAA /* Debug */,
				BFEC41E82BD17F1E00D0FDAA /* Release */,
			);
			defaultConfigurationIsVisible = 0;
			defaultConfigurationName = Release;
		};
		BFEC41E92BD17F1E00D0FDAA /* Build configuration list for PBXNativeTarget "MLStore" */ = {
			isa = XCConfigurationList;
			buildConfigurations = (
				BFEC41EA2BD17F1E00D0FDAA /* Debug */,
				BFEC41EB2BD17F1E00D0FDAA /* Release */,
			);
			defaultConfigurationIsVisible = 0;
			defaultConfigurationName = Release;
		};
/* End XCConfigurationList section */
	};
	rootObject = BFEC41D32BD17F1D00D0FDAA /* Project object */;
}
